{
  "name": "bats-shellmock",
  "version": "1.0.0",
  "lockfileVersion": 2,
  "requires": true,
  "packages": {
    "": {
      "name": "bats-shellmock",
      "version": "1.0.0",
      "devDependencies": {
        "bats": "^1.4.1",
        "bats-assert": "bats-core/bats-assert#v2.0.0",
        "bats-file": "bats-core/bats-file#v0.3.0",
        "bats-support": "bats-core/bats-support#v0.3.0"
      }
    },
    "node_modules/bats": {
      "version": "1.4.1",
      "resolved": "https://registry.npmjs.org/bats/-/bats-1.4.1.tgz",
      "integrity": "sha512-sZgqfOHgPqtQSD84WKQiNU3a/44hQiiHGtA43gTUPeOdl5jYhnXSBNGCa8DGlKc8JpI/UUYcaPNf0Afg3OOibQ==",
      "dev": true,
      "bin": {
        "bats": "bin/bats"
      }
    },
    "node_modules/bats-assert": {
      "version": "2.0.0",
      "resolved": "git+ssh://git@github.com/bats-core/bats-assert.git#d750c5a1b44bf6fc96726aea76f4621db5fd602f",
      "dev": true,
      "license": "CC0-1.0",
      "peerDependencies": {
        "bats-support": "git+https://github.com/ztombol/bats-support.git#v0.2.0"
      }
    },
    "node_modules/bats-file": {
      "version": "0.2.0",
      "resolved": "git+ssh://git@github.com/bats-core/bats-file.git#c128a1de53ba4a811835af410ce427f1049e2d7f",
      "dev": true,
      "peerDependencies": {
        "bats-support": "git+https://github.com/ztombol/bats-support.git#v0.3.0"
      }
    },
    "node_modules/bats-support": {
      "version": "0.3.0",
      "resolved": "git+ssh://git@github.com/bats-core/bats-support.git#24a72e14349690bcbf7c151b9d2d1cdd32d36eb1",
      "dev": true
    }
  },
  "dependencies": {
    "bats": {
      "version": "1.4.1",
      "resolved": "https://registry.npmjs.org/bats/-/bats-1.4.1.tgz",
      "integrity": "sha512-sZgqfOHgPqtQSD84WKQiNU3a/44hQiiHGtA43gTUPeOdl5jYhnXSBNGCa8DGlKc8JpI/UUYcaPNf0Afg3OOibQ==",
      "dev": true
    },
    "bats-assert": {
      "version": "git+ssh://git@github.com/bats-core/bats-assert.git#d750c5a1b44bf6fc96726aea76f4621db5fd602f",
      "dev": true,
      "from": "bats-assert@bats-core/bats-assert#v2.0.0",
      "requires": {}
    },
    "bats-file": {
      "version": "git+ssh://git@github.com/bats-core/bats-file.git#c128a1de53ba4a811835af410ce427f1049e2d7f",
      "dev": true,
      "from": "bats-file@bats-core/bats-file#v0.3.0",
      "requires": {}
    },
    "bats-support": {
      "version": "git+ssh://git@github.com/bats-core/bats-support.git#24a72e14349690bcbf7c151b9d2d1cdd32d36eb1",
      "dev": true,
      "from": "bats-support@bats-core/bats-support#v0.3.0"
    }
  }
}
